{
  "version": 4,
  "terraform_version": "1.14.1",
  "serial": 14,
  "lineage": "b25b4236-16c4-72bd-6e27-e06180cb9fcf",
  "outputs": {},
  "resources": [
    {
      "mode": "data",
      "type": "http",
      "name": "example",
      "provider": "provider[\"registry.terraform.io/hashicorp/http\"]",
      "instances": [
        {
          "schema_version": 0,
          "attributes": {
            "body": null,
            "ca_cert_pem": null,
            "client_cert_pem": null,
            "client_key_pem": null,
            "id": null,
            "insecure": null,
            "method": null,
            "request_body": null,
            "request_headers": null,
            "request_timeout_ms": null,
            "response_body": null,
            "response_body_base64": null,
            "response_headers": null,
            "retry": null,
            "status_code": null,
            "url": "https://google1231233dsd.com"
          },
          "sensitive_attributes": [],
          "identity_schema_version": 0
        }
      ]
    },
    {
      "mode": "managed",
      "type": "local_file",
      "name": "foo",
      "provider": "provider[\"registry.terraform.io/hashicorp/local\"]",
      "instances": [
        {
          "schema_version": 0,
          "attributes": {
            "content": "Hi",
            "content_base64": null,
            "content_base64sha256": "NjnvzQirsnOxYZ6C54wpp98CwQUbGCDpn8OV3KozJrg=",
            "content_base64sha512": "RcpVzKpyuYuGxpf99z/TZNSBWlhvds0ybxeFu4Fv9/H4i0b7hEixk1bueI630wC5OScJoolCgHC1gQ2bXC1EDQ==",
            "content_md5": "c1a5298f939e87e8f962a5edfc206918",
            "content_sha1": "94dd9e08c129c785f7f256e82fbe0a30e6d1ae40",
            "content_sha256": "3639efcd08abb273b1619e82e78c29a7df02c1051b1820e99fc395dcaa3326b8",
            "content_sha512": "45ca55ccaa72b98b86c697fdf73fd364d4815a586f76cd326f1785bb816ff7f1f88b46fb8448b19356ee788eb7d300b9392709a289428070b5810d9b5c2d440d",
            "directory_permission": "0777",
            "file_permission": "0777",
            "filename": "./foo.txt",
            "id": "94dd9e08c129c785f7f256e82fbe0a30e6d1ae40",
            "sensitive_content": null,
            "source": null
          },
          "sensitive_attributes": [
            [
              {
                "type": "get_attr",
                "value": "sensitive_content"
              }
            ]
          ],
          "identity_schema_version": 0
        }
      ]
    }
  ],
  "check_results": [
    {
      "object_kind": "check",
      "config_addr": "check.website_checker",
      "status": "fail",
      "objects": [
        {
          "object_addr": "check.website_checker",
          "status": "fail",
          "failure_messages": [
            "Error making request: Error making request: GET https://google1231233dsd.com giving up after 1 attempt(s): Get \"https://google1231233dsd.com\": dial tcp: lookup google1231233dsd.com: no such host"
          ]
        }
      ]
    }
  ]
}
