{
  "version": 4,
  "terraform_version": "1.14.1",
  "serial": 4,
  "lineage": "5d04f646-e3e2-0fa1-1113-38dcf739c9b5",
  "outputs": {
    "iam_user_arn": {
      "value": [
        "arn:aws:iam::919952350503:user/hari.0",
        "arn:aws:iam::919952350503:user/hari.1",
        "arn:aws:iam::919952350503:user/hari.2",
        "arn:aws:iam::919952350503:user/hari.3"
      ],
      "type": [
        "tuple",
        [
          "string",
          "string",
          "string",
          "string"
        ]
      ]
    }
  },
  "resources": [
    {
      "mode": "managed",
      "type": "aws_iam_user",
      "name": "lb",
      "provider": "provider[\"registry.terraform.io/hashicorp/aws\"]",
      "instances": [
        {
          "index_key": 0,
          "schema_version": 0,
          "attributes": {
            "arn": "arn:aws:iam::919952350503:user/hari.0",
            "force_destroy": false,
            "id": "hari.0",
            "name": "hari.0",
            "path": "/",
            "permissions_boundary": "",
            "tags": {},
            "tags_all": {},
            "unique_id": "AIDA5MMLO3UTR5TO76S3H"
          },
          "sensitive_attributes": [],
          "identity_schema_version": 0,
          "private": "bnVsbA=="
        },
        {
          "index_key": 1,
          "schema_version": 0,
          "attributes": {
            "arn": "arn:aws:iam::919952350503:user/hari.1",
            "force_destroy": false,
            "id": "hari.1",
            "name": "hari.1",
            "path": "/",
            "permissions_boundary": "",
            "tags": {},
            "tags_all": {},
            "unique_id": "AIDA5MMLO3UTZNI6XSD5B"
          },
          "sensitive_attributes": [],
          "identity_schema_version": 0,
          "private": "bnVsbA=="
        },
        {
          "index_key": 2,
          "schema_version": 0,
          "attributes": {
            "arn": "arn:aws:iam::919952350503:user/hari.2",
            "force_destroy": false,
            "id": "hari.2",
            "name": "hari.2",
            "path": "/",
            "permissions_boundary": "",
            "tags": {},
            "tags_all": {},
            "unique_id": "AIDA5MMLO3UT76PMYWDZA"
          },
          "sensitive_attributes": [],
          "identity_schema_version": 0,
          "private": "bnVsbA=="
        },
        {
          "index_key": 3,
          "schema_version": 0,
          "attributes": {
            "arn": "arn:aws:iam::919952350503:user/hari.3",
            "force_destroy": false,
            "id": "hari.3",
            "name": "hari.3",
            "path": "/",
            "permissions_boundary": "",
            "tags": {},
            "tags_all": {},
            "unique_id": "AIDA5MMLO3UTWHCQK4HQ3"
          },
          "sensitive_attributes": [],
          "identity_schema_version": 0,
          "private": "bnVsbA=="
        }
      ]
    }
  ],
  "check_results": null
}
