{
  "version": 4,
  "terraform_version": "1.14.1",
  "serial": 7,
  "lineage": "62eadc22-e349-95b8-efb9-1172a333149c",
  "outputs": {},
  "resources": [
    {
      "mode": "managed",
      "type": "aws_security_group",
      "name": "allow_tls",
      "provider": "provider[\"registry.terraform.io/hashicorp/aws\"]",
      "instances": [
        {
          "schema_version": 1,
          "attributes": {
            "arn": "arn:aws:ec2:us-east-1:919952350503:security-group/sg-076b5f1149b0ac6f2",
            "description": "Allow TLS inbound traffic and all outbound traffic",
            "egress": [],
            "id": "sg-076b5f1149b0ac6f2",
            "ingress": [],
            "name": "allow_tls",
            "name_prefix": "",
            "owner_id": "919952350503",
            "region": "us-east-1",
            "revoke_rules_on_delete": false,
            "tags": {
              "CreationDate": "04 Jan 2026 13:40 UTC",
              "Name": "Security Groups"
            },
            "tags_all": {
              "CreationDate": "04 Jan 2026 13:40 UTC",
              "Name": "Security Groups"
            },
            "timeouts": null,
            "vpc_id": "vpc-012dc8bae5f485351"
          },
          "sensitive_attributes": [],
          "identity_schema_version": 0,
          "identity": {
            "account_id": "919952350503",
            "id": "sg-076b5f1149b0ac6f2",
            "region": "us-east-1"
          },
          "private": "eyJlMmJmYjczMC1lY2FhLTExZTYtOGY4OC0zNDM2M2JjN2M0YzAiOnsiY3JlYXRlIjo2MDAwMDAwMDAwMDAsImRlbGV0ZSI6OTAwMDAwMDAwMDAwfSwic2NoZW1hX3ZlcnNpb24iOiIxIn0="
        }
      ]
    }
  ],
  "check_results": null
}
