{
  "version": 4,
  "terraform_version": "1.14.1",
  "serial": 5,
  "lineage": "d7c209fa-f323-ee3d-761d-e5847691410a",
  "outputs": {
    "arn": {
      "value": [
        "arn:aws:iam::919952350503:user/test-aws-user0",
        "arn:aws:iam::919952350503:user/test-aws-user1",
        "arn:aws:iam::919952350503:user/test-aws-user2",
        "arn:aws:iam::919952350503:user/test-aws-user3"
      ],
      "type": [
        "tuple",
        [
          "string",
          "string",
          "string",
          "string"
        ]
      ]
    },
    "combined": {
      "value": {
        "test-aws-user0": "arn:aws:iam::919952350503:user/test-aws-user0",
        "test-aws-user1": "arn:aws:iam::919952350503:user/test-aws-user1",
        "test-aws-user2": "arn:aws:iam::919952350503:user/test-aws-user2",
        "test-aws-user3": "arn:aws:iam::919952350503:user/test-aws-user3"
      },
      "type": [
        "object",
        {
          "test-aws-user0": "string",
          "test-aws-user1": "string",
          "test-aws-user2": "string",
          "test-aws-user3": "string"
        }
      ]
    },
    "name": {
      "value": [
        "test-aws-user0",
        "test-aws-user1",
        "test-aws-user2",
        "test-aws-user3"
      ],
      "type": [
        "tuple",
        [
          "string",
          "string",
          "string",
          "string"
        ]
      ]
    }
  },
  "resources": [
    {
      "mode": "managed",
      "type": "aws_iam_user",
      "name": "this",
      "provider": "provider[\"registry.terraform.io/hashicorp/aws\"]",
      "instances": [
        {
          "index_key": 0,
          "schema_version": 0,
          "attributes": {
            "arn": "arn:aws:iam::919952350503:user/test-aws-user0",
            "force_destroy": false,
            "id": "test-aws-user0",
            "name": "test-aws-user0",
            "path": "/",
            "permissions_boundary": "",
            "tags": null,
            "tags_all": {},
            "unique_id": "AIDA5MMLO3UTXTHSO6M2U"
          },
          "sensitive_attributes": [],
          "identity_schema_version": 0,
          "private": "bnVsbA=="
        },
        {
          "index_key": 1,
          "schema_version": 0,
          "attributes": {
            "arn": "arn:aws:iam::919952350503:user/test-aws-user1",
            "force_destroy": false,
            "id": "test-aws-user1",
            "name": "test-aws-user1",
            "path": "/",
            "permissions_boundary": "",
            "tags": null,
            "tags_all": {},
            "unique_id": "AIDA5MMLO3UTTNVUOVX4V"
          },
          "sensitive_attributes": [],
          "identity_schema_version": 0,
          "private": "bnVsbA=="
        },
        {
          "index_key": 2,
          "schema_version": 0,
          "attributes": {
            "arn": "arn:aws:iam::919952350503:user/test-aws-user2",
            "force_destroy": false,
            "id": "test-aws-user2",
            "name": "test-aws-user2",
            "path": "/",
            "permissions_boundary": "",
            "tags": null,
            "tags_all": {},
            "unique_id": "AIDA5MMLO3UT3VIF4FURH"
          },
          "sensitive_attributes": [],
          "identity_schema_version": 0,
          "private": "bnVsbA=="
        },
        {
          "index_key": 3,
          "schema_version": 0,
          "attributes": {
            "arn": "arn:aws:iam::919952350503:user/test-aws-user3",
            "force_destroy": false,
            "id": "test-aws-user3",
            "name": "test-aws-user3",
            "path": "/",
            "permissions_boundary": "",
            "tags": null,
            "tags_all": {},
            "unique_id": "AIDA5MMLO3UTTLLVSBDVJ"
          },
          "sensitive_attributes": [],
          "identity_schema_version": 0,
          "private": "bnVsbA=="
        }
      ]
    }
  ],
  "check_results": null
}
